<Solution>
  <Folder Name="/src/">
    <Project Path="src/Babel.Compliance.Abstractions/Babel.Compliance.Abstractions.csproj" />
    <Project Path="src/Babel.Compliance.FakeProvider/Babel.Compliance.FakeProvider.csproj" />
    <Project Path="src/Babel.Compliance.Wolverine/Babel.Compliance.Wolverine.csproj" />
    <Project Path="src/Babel.Compliance/Babel.Compliance.csproj" />
  </Folder>
  <Folder Name="/tests/">
    <Project Path="tests/Babel.Compliance.Tests/Babel.Compliance.Tests.csproj" />
  </Folder>
</Solution>
